
Microsoft Visual Studio Solution File, Format Version 12.00
# Visual Studio Version 17
VisualStudioVersion = 17.4.33103.184
MinimumVisualStudioVersion = 10.0.40219.1
Project("{FAE04EC0-301F-11D3-BF4B-00C04F79EFBC}") = "Servicio_actas_farmaceuticas", "Servicio_actas_farmaceuticas\Servicio_actas_farmaceuticas.csproj", "{F3762CDA-364B-4D6D-B6FD-14371E1B3E65}"
EndProject
Global
	GlobalSection(SolutionConfigurationPlatforms) = preSolution
		Debug|Any CPU = Debug|Any CPU
		Release|Any CPU = Release|Any CPU
	EndGlobalSection
	GlobalSection(ProjectConfigurationPlatforms) = postSolution
		{F3762CDA-364B-4D6D-B6FD-14371E1B3E65}.Debug|Any CPU.ActiveCfg = Debug|Any CPU
		{F3762CDA-364B-4D6D-B6FD-14371E1B3E65}.Debug|Any CPU.Build.0 = Debug|Any CPU
		{F3762CDA-364B-4D6D-B6FD-14371E1B3E65}.Release|Any CPU.ActiveCfg = Release|Any CPU
		{F3762CDA-364B-4D6D-B6FD-14371E1B3E65}.Release|Any CPU.Build.0 = Release|Any CPU
	EndGlobalSection
	GlobalSection(SolutionProperties) = preSolution
		HideSolutionNode = FALSE
	EndGlobalSection
	GlobalSection(ExtensibilityGlobals) = postSolution
		SolutionGuid = {D2F424A8-E391-4977-B255-0FCD454E65F9}
	EndGlobalSection
EndGlobal
